// !$*UTF8*$!
{
	archiveVersion = 1;
	classes = {
	};
	objectVersion = 46;
	objects = {

/* Begin PBXBuildFile section */
		2763D7A41C7A137900200A24 /* ZYXContainer.m in Sources */ = {isa = PBXBuildFile; fileRef = 2763D7A31C7A137900200A24 /* ZYXContainer.m */; };
		2785F9F71C7775580083401D /* main.m in Sources */ = {isa = PBXBuildFile; fileRef = 2785F9F61C7775580083401D /* main.m */; };
		2785F9FF1C7776670083401D /* ZYXItem.m in Sources */ = {isa = PBXBuildFile; fileRef = 2785F9FE1C7776670083401D /* ZYXItem.m */; };
/* End PBXBuildFile section */

/* Begin PBXCopyFilesBuildPhase section */
		2785F9F11C7775580083401D /* CopyFiles */ = {
			isa = PBXCopyFilesBuildPhase;
			buildActionMask = 2147483647;
			dstPath = /usr/share/man/man1/;
			dstSubfolderSpec = 0;
			files = (
			);
			runOnlyForDeploymentPostprocessing = 1;
		};
/* End PBXCopyFilesBuildPhase section */

/* Begin PBXFileReference section */
		2763D7A21C7A137900200A24 /* ZYXContainer.h */ = {isa = PBXFileReference; fileEncoding = 4; lastKnownFileType = sourcecode.c.h; path = ZYXContainer.h; sourceTree = "<group>"; };
		2763D7A31C7A137900200A24 /* ZYXContainer.m */ = {isa = PBXFileReference; fileEncoding = 4; lastKnownFileType = sourcecode.c.objc; path = ZYXContainer.m; sourceTree = "<group>"; };
		2785F9F31C7775580083401D /* ZYXRandomItems */ = {isa = PBXFileReference; explicitFileType = "compiled.mach-o.executable"; includeInIndex = 0; path = ZYXRandomItems; sourceTree = BUILT_PRODUCTS_DIR; };
		2785F9F61C7775580083401D /* main.m */ = {isa = PBXFileReference; lastKnownFileType = sourcecode.c.objc; path = main.m; sourceTree = "<group>"; };
		2785F9FD1C7776670083401D /* ZYXItem.h */ = {isa = PBXFileReference; fileEncoding = 4; lastKnownFileType = sourcecode.c.h; path = ZYXItem.h; sourceTree = "<group>"; };
		2785F9FE1C7776670083401D /* ZYXItem.m */ = {isa = PBXFileReference; fileEncoding = 4; lastKnownFileType = sourcecode.c.objc; path = ZYXItem.m; sourceTree = "<group>"; };
/* End PBXFileReference section */

/* Begin PBXFrameworksBuildPhase section */
		2785F9F01C7775580083401D /* Frameworks */ = {
			isa = PBXFrameworksBuildPhase;
			buildActionMask = 2147483647;
			files = (
			);
			runOnlyForDeploymentPostprocessing = 0;
		};
/* End PBXFrameworksBuildPhase section */

/* Begin PBXGroup section */
		2785F9EA1C7775580083401D = {
			isa = PBXGroup;
			children = (
				2785F9F51C7775580083401D /* ZYXRandomItems */,
				2785F9F41C7775580083401D /* Products */,
			);
			sourceTree = "<group>";
		};
		2785F9F41C7775580083401D /* Products */ = {
			isa = PBXGroup;
			children = (
				2785F9F31C7775580083401D /* ZYXRandomItems */,
			);
			name = Products;
			sourceTree = "<group>";
		};
		2785F9F51C7775580083401D /* ZYXRandomItems */ = {
			isa = PBXGroup;
			children = (
				2785F9F61C7775580083401D /* main.m */,
				2785F9FD1C7776670083401D /* ZYXItem.h */,
				2785F9FE1C7776670083401D /* ZYXItem.m */,
				2763D7A21C7A137900200A24 /* ZYXContainer.h */,
				2763D7A31C7A137900200A24 /* ZYXContainer.m */,
			);
			path = ZYXRandomItems;
			sourceTree = "<group>";
		};
/* End PBXGroup section */

/* Begin PBXNativeTarget section */
		2785F9F21C7775580083401D /* ZYXRandomItems */ = {
			isa = PBXNativeTarget;
			buildConfigurationList = 2785F9FA1C7775580083401D /* Build configuration list for PBXNativeTarget "ZYXRandomItems" */;
			buildPhases = (
				2785F9EF1C7775580083401D /* Sources */,
				2785F9F01C7775580083401D /* Frameworks */,
				2785F9F11C7775580083401D /* CopyFiles */,
			);
			buildRules = (
			);
			dependencies = (
			);
			name = ZYXRandomItems;
			productName = ZYXRandomItems;
			productReference = 2785F9F31C7775580083401D /* ZYXRandomItems */;
			productType = "com.apple.product-type.tool";
		};
/* End PBXNativeTarget section */

/* Begin PBXProject section */
		2785F9EB1C7775580083401D /* Project object */ = {
			isa = PBXProject;
			attributes = {
				LastUpgradeCheck = 0720;
				ORGANIZATIONNAME = "卓酉鑫";
				TargetAttributes = {
					2785F9F21C7775580083401D = {
						CreatedOnToolsVersion = 7.2.1;
					};
				};
			};
			buildConfigurationList = 2785F9EE1C7775580083401D /* Build configuration list for PBXProject "ZYXRandomItems" */;
			compatibilityVersion = "Xcode 3.2";
			developmentRegion = English;
			hasScannedForEncodings = 0;
			knownRegions = (
				en,
			);
			mainGroup = 2785F9EA1C7775580083401D;
			productRefGroup = 2785F9F41C7775580083401D /* Products */;
			projectDirPath = "";
			projectRoot = "";
			targets = (
				2785F9F21C7775580083401D /* ZYXRandomItems */,
			);
		};
/* End PBXProject section */

/* Begin PBXSourcesBuildPhase section */
		2785F9EF1C7775580083401D /* Sources */ = {
			isa = PBXSourcesBuildPhase;
			buildActionMask = 2147483647;
			files = (
				2785F9FF1C7776670083401D /* ZYXItem.m in Sources */,
				2763D7A41C7A137900200A24 /* ZYXContainer.m in Sources */,
				2785F9F71C7775580083401D /* main.m in Sources */,
			);
			runOnlyForDeploymentPostprocessing = 0;
		};
/* End PBXSourcesBuildPhase section */

/* Begin XCBuildConfiguration section */
		2785F9F81C7775580083401D /* Debug */ = {
			isa = XCBuildConfiguration;
			buildSettings = {
				ALWAYS_SEARCH_USER_PATHS = NO;
				CLANG_CXX_LANGUAGE_STANDARD = "gnu++0x";
				CLANG_CXX_LIBRARY = "libc++";
				CLANG_ENABLE_MODULES = YES;
				CLANG_ENABLE_OBJC_ARC = YES;
				CLANG_WARN_BOOL_CONVERSION = YES;
				CLANG_WARN_CONSTANT_CONVERSION = YES;
				CLANG_WARN_DIRECT_OBJC_ISA_USAGE = YES_ERROR;
				CLANG_WARN_EMPTY_BODY = YES;
				CLANG_WARN_ENUM_CONVERSION = YES;
				CLANG_WARN_INT_CONVERSION = YES;
				CLANG_WARN_OBJC_ROOT_CLASS = YES_ERROR;
				CLANG_WARN_UNREACHABLE_CODE = YES;
				CLANG_WARN__DUPLICATE_METHOD_MATCH = YES;
				CODE_SIGN_IDENTITY = "-";
				COPY_PHASE_STRIP = NO;
				DEBUG_INFORMATION_FORMAT = dwarf;
				ENABLE_STRICT_OBJC_MSGSEND = YES;
				ENABLE_TESTABILITY = YES;
				GCC_C_LANGUAGE_STANDARD = gnu99;
				GCC_DYNAMIC_NO_PIC = NO;
				GCC_NO_COMMON_BLOCKS = YES;
				GCC_OPTIMIZATION_LEVEL = 0;
				GCC_PREPROCESSOR_DEFINITIONS = (
					"DEBUG=1",
					"$(inherited)",
				);
				GCC_WARN_64_TO_32_BIT_CONVERSION = YES;
				GCC_WARN_ABOUT_RETURN_TYPE = YES_ERROR;
				GCC_WARN_UNDECLARED_SELECTOR = YES;
				GCC_WARN_UNINITIALIZED_AUTOS = YES_AGGRESSIVE;
				GCC_WARN_UNUSED_FUNCTION = YES;
				GCC_WARN_UNUSED_VARIABLE = YES;
				MACOSX_DEPLOYMENT_TARGET = 10.10;
				MTL_ENABLE_DEBUG_INFO = YES;
				ONLY_ACTIVE_ARCH = YES;
				SDKROOT = macosx;
			};
			name = Debug;
		};
		2785F9F91C7775580083401D /* Release */ = {
			isa = XCBuildConfiguration;
			buildSettings = {
				ALWAYS_SEARCH_USER_PATHS = NO;
				CLANG_CXX_LANGUAGE_STANDARD = "gnu++0x";
				CLANG_CXX_LIBRARY = "libc++";
				CLANG_ENABLE_MODULES = YES;
				CLANG_ENABLE_OBJC_ARC = YES;
				CLANG_WARN_BOOL_CONVERSION = YES;
				CLANG_WARN_CONSTANT_CONVERSION = YES;
				CLANG_WARN_DIRECT_OBJC_ISA_USAGE = YES_ERROR;
				CLANG_WARN_EMPTY_BODY = YES;
				CLANG_WARN_ENUM_CONVERSION = YES;
				CLANG_WARN_INT_CONVERSION = YES;
				CLANG_WARN_OBJC_ROOT_CLASS = YES_ERROR;
				CLANG_WARN_UNREACHABLE_CODE = YES;
				CLANG_WARN__DUPLICATE_METHOD_MATCH = YES;
				CODE_SIGN_IDENTITY = "-";
				COPY_PHASE_STRIP = NO;
				DEBUG_INFORMATION_FORMAT = "dwarf-with-dsym";
				ENABLE_NS_ASSERTIONS = NO;
				ENABLE_STRICT_OBJC_MSGSEND = YES;
				GCC_C_LANGUAGE_STANDARD = gnu99;
				GCC_NO_COMMON_BLOCKS = YES;
				GCC_WARN_64_TO_32_BIT_CONVERSION = YES;
				GCC_WARN_ABOUT_RETURN_TYPE = YES_ERROR;
				GCC_WARN_UNDECLARED_SELECTOR = YES;
				GCC_WARN_UNINITIALIZED_AUTOS = YES_AGGRESSIVE;
				GCC_WARN_UNUSED_FUNCTION = YES;
				GCC_WARN_UNUSED_VARIABLE = YES;
				MACOSX_DEPLOYMENT_TARGET = 10.10;
				MTL_ENABLE_DEBUG_INFO = NO;
				SDKROOT = macosx;
			};
			name = Release;
		};
		2785F9FB1C7775580083401D /* Debug */ = {
			isa = XCBuildConfiguration;
			buildSettings = {
				PRODUCT_NAME = "$(TARGET_NAME)";
			};
			name = Debug;
		};
		2785F9FC1C7775580083401D /* Release */ = {
			isa = XCBuildConfiguration;
			buildSettings = {
				PRODUCT_NAME = "$(TARGET_NAME)";
			};
			name = Release;
		};
/* End XCBuildConfiguration section */

/* Begin XCConfigurationList section */
		2785F9EE1C7775580083401D /* Build configuration list for PBXProject "ZYXRandomItems" */ = {
			isa = XCConfigurationList;
			buildConfigurations = (
				2785F9F81C7775580083401D /* Debug */,
				2785F9F91C7775580083401D /* Release */,
			);
			defaultConfigurationIsVisible = 0;
			defaultConfigurationName = Release;
		};
		2785F9FA1C7775580083401D /* Build configuration list for PBXNativeTarget "ZYXRandomItems" */ = {
			isa = XCConfigurationList;
			buildConfigurations = (
				2785F9FB1C7775580083401D /* Debug */,
				2785F9FC1C7775580083401D /* Release */,
			);
			defaultConfigurationIsVisible = 0;
			defaultConfigurationName = Release;
		};
/* End XCConfigurationList section */
	};
	rootObject = 2785F9EB1C7775580083401D /* Project object */;
}
